{
  "version": 4,
  "terraform_version": "1.11.1",
  "serial": 14,
  "lineage": "267d3ab9-6af4-f563-56fb-5c40958c7caf",
  "outputs": {
    "app_url": {
      "value": "http://34.47.163.149:5001",
      "type": "string"
    },
    "manager_internal_ip": {
      "value": "10.10.0.8",
      "type": "string"
    },
    "manager_public_ip": {
      "value": "34.47.163.149",
      "type": "string"
    },
    "worker_internal_ip": {
      "value": "10.10.0.9",
      "type": "string"
    },
    "worker_public_ip": {
      "value": "34.47.233.147",
      "type": "string"
    }
  },
  "resources": [
    {
      "mode": "managed",
      "type": "google_compute_firewall",
      "name": "allow_http",
      "provider": "provider[\"registry.terraform.io/hashicorp/google\"]",
      "instances": [
        {
          "schema_version": 1,
          "attributes": {
            "allow": [
              {
                "ports": [
                  "80",
                  "443"
                ],
                "protocol": "tcp"
              }
            ],
            "creation_timestamp": "2025-03-11T10:14:07.910-07:00",
            "deny": [],
            "description": "",
            "destination_ranges": [],
            "direction": "INGRESS",
            "disabled": false,
            "enable_logging": null,
            "id": "projects/light-ratio-453107-r4/global/firewalls/redis-swarm-allow-http",
            "log_config": [],
            "name": "redis-swarm-allow-http",
            "network": "https://www.googleapis.com/compute/v1/projects/light-ratio-453107-r4/global/networks/redis-swarm-network",
            "priority": 1000,
            "project": "light-ratio-453107-r4",
            "self_link": "https://www.googleapis.com/compute/v1/projects/light-ratio-453107-r4/global/firewalls/redis-swarm-allow-http",
            "source_ranges": [
              "0.0.0.0/0"
            ],
            "source_service_accounts": [],
            "source_tags": [],
            "target_service_accounts": [],
            "target_tags": [
              "swarm-node"
            ],
            "timeouts": null
          },
          "sensitive_attributes": [],
          "private": "eyJlMmJmYjczMC1lY2FhLTExZTYtOGY4OC0zNDM2M2JjN2M0YzAiOnsiY3JlYXRlIjoxMjAwMDAwMDAwMDAwLCJkZWxldGUiOjEyMDAwMDAwMDAwMDAsInVwZGF0ZSI6MTIwMDAwMDAwMDAwMH0sInNjaGVtYV92ZXJzaW9uIjoiMSJ9",
          "dependencies": [
            "google_compute_network.swarm_network"
          ]
        }
      ]
    },
    {
      "mode": "managed",
      "type": "google_compute_firewall",
      "name": "allow_internal",
      "provider": "provider[\"registry.terraform.io/hashicorp/google\"]",
      "instances": [
        {
          "schema_version": 1,
          "attributes": {
            "allow": [
              {
                "ports": [],
                "protocol": "all"
              }
            ],
            "creation_timestamp": "2025-03-11T10:14:08.118-07:00",
            "deny": [],
            "description": "",
            "destination_ranges": [],
            "direction": "INGRESS",
            "disabled": false,
            "enable_logging": null,
            "id": "projects/light-ratio-453107-r4/global/firewalls/redis-swarm-allow-internal",
            "log_config": [],
            "name": "redis-swarm-allow-internal",
            "network": "https://www.googleapis.com/compute/v1/projects/light-ratio-453107-r4/global/networks/redis-swarm-network",
            "priority": 1000,
            "project": "light-ratio-453107-r4",
            "self_link": "https://www.googleapis.com/compute/v1/projects/light-ratio-453107-r4/global/firewalls/redis-swarm-allow-internal",
            "source_ranges": [],
            "source_service_accounts": [],
            "source_tags": [
              "swarm-node"
            ],
            "target_service_accounts": [],
            "target_tags": [
              "swarm-node"
            ],
            "timeouts": null
          },
          "sensitive_attributes": [],
          "private": "eyJlMmJmYjczMC1lY2FhLTExZTYtOGY4OC0zNDM2M2JjN2M0YzAiOnsiY3JlYXRlIjoxMjAwMDAwMDAwMDAwLCJkZWxldGUiOjEyMDAwMDAwMDAwMDAsInVwZGF0ZSI6MTIwMDAwMDAwMDAwMH0sInNjaGVtYV92ZXJzaW9uIjoiMSJ9",
          "dependencies": [
            "google_compute_network.swarm_network"
          ]
        }
      ]
    },
    {
      "mode": "managed",
      "type": "google_compute_firewall",
      "name": "allow_ssh",
      "provider": "provider[\"registry.terraform.io/hashicorp/google\"]",
      "instances": [
        {
          "schema_version": 1,
          "attributes": {
            "allow": [
              {
                "ports": [
                  "22"
                ],
                "protocol": "tcp"
              }
            ],
            "creation_timestamp": "2025-03-11T10:14:07.731-07:00",
            "deny": [],
            "description": "",
            "destination_ranges": [],
            "direction": "INGRESS",
            "disabled": false,
            "enable_logging": null,
            "id": "projects/light-ratio-453107-r4/global/firewalls/redis-swarm-allow-ssh",
            "log_config": [],
            "name": "redis-swarm-allow-ssh",
            "network": "https://www.googleapis.com/compute/v1/projects/light-ratio-453107-r4/global/networks/redis-swarm-network",
            "priority": 1000,
            "project": "light-ratio-453107-r4",
            "self_link": "https://www.googleapis.com/compute/v1/projects/light-ratio-453107-r4/global/firewalls/redis-swarm-allow-ssh",
            "source_ranges": [
              "0.0.0.0/0"
            ],
            "source_service_accounts": [],
            "source_tags": [],
            "target_service_accounts": [],
            "target_tags": [
              "swarm-node"
            ],
            "timeouts": null
          },
          "sensitive_attributes": [],
          "private": "eyJlMmJmYjczMC1lY2FhLTExZTYtOGY4OC0zNDM2M2JjN2M0YzAiOnsiY3JlYXRlIjoxMjAwMDAwMDAwMDAwLCJkZWxldGUiOjEyMDAwMDAwMDAwMDAsInVwZGF0ZSI6MTIwMDAwMDAwMDAwMH0sInNjaGVtYV92ZXJzaW9uIjoiMSJ9",
          "dependencies": [
            "google_compute_network.swarm_network"
          ]
        }
      ]
    },
    {
      "mode": "managed",
      "type": "google_compute_firewall",
      "name": "allow_swarm",
      "provider": "provider[\"registry.terraform.io/hashicorp/google\"]",
      "instances": [
        {
          "schema_version": 1,
          "attributes": {
            "allow": [
              {
                "ports": [
                  "2377",
                  "7946",
                  "6379",
                  "6380",
                  "5001"
                ],
                "protocol": "tcp"
              },
              {
                "ports": [
                  "7946",
                  "4789"
                ],
                "protocol": "udp"
              }
            ],
            "creation_timestamp": "2025-03-11T10:14:07.980-07:00",
            "deny": [],
            "description": "",
            "destination_ranges": [],
            "direction": "INGRESS",
            "disabled": false,
            "enable_logging": null,
            "id": "projects/light-ratio-453107-r4/global/firewalls/redis-swarm-allow-swarm",
            "log_config": [],
            "name": "redis-swarm-allow-swarm",
            "network": "https://www.googleapis.com/compute/v1/projects/light-ratio-453107-r4/global/networks/redis-swarm-network",
            "priority": 1000,
            "project": "light-ratio-453107-r4",
            "self_link": "https://www.googleapis.com/compute/v1/projects/light-ratio-453107-r4/global/firewalls/redis-swarm-allow-swarm",
            "source_ranges": [],
            "source_service_accounts": [],
            "source_tags": [
              "swarm-node"
            ],
            "target_service_accounts": [],
            "target_tags": [
              "swarm-node"
            ],
            "timeouts": null
          },
          "sensitive_attributes": [],
          "private": "eyJlMmJmYjczMC1lY2FhLTExZTYtOGY4OC0zNDM2M2JjN2M0YzAiOnsiY3JlYXRlIjoxMjAwMDAwMDAwMDAwLCJkZWxldGUiOjEyMDAwMDAwMDAwMDAsInVwZGF0ZSI6MTIwMDAwMDAwMDAwMH0sInNjaGVtYV92ZXJzaW9uIjoiMSJ9",
          "dependencies": [
            "google_compute_network.swarm_network"
          ]
        }
      ]
    },
    {
      "mode": "managed",
      "type": "google_compute_instance",
      "name": "swarm_manager",
      "provider": "provider[\"registry.terraform.io/hashicorp/google\"]",
      "instances": [
        {
          "schema_version": 6,
          "attributes": {
            "advanced_machine_features": [],
            "allow_stopping_for_update": null,
            "attached_disk": [],
            "boot_disk": [
              {
                "auto_delete": true,
                "device_name": "persistent-disk-0",
                "disk_encryption_key_raw": "",
                "disk_encryption_key_sha256": "",
                "initialize_params": [
                  {
                    "enable_confidential_compute": false,
                    "image": "https://www.googleapis.com/compute/v1/projects/ubuntu-os-cloud/global/images/ubuntu-2004-focal-v20250213",
                    "labels": {},
                    "provisioned_iops": 0,
                    "provisioned_throughput": 0,
                    "resource_manager_tags": null,
                    "resource_policies": [],
                    "size": 50,
                    "storage_pool": "",
                    "type": "pd-standard"
                  }
                ],
                "interface": "",
                "kms_key_self_link": "",
                "mode": "READ_WRITE",
                "source": "https://www.googleapis.com/compute/v1/projects/light-ratio-453107-r4/zones/asia-south1-a/disks/redis-swarm-manager"
              }
            ],
            "can_ip_forward": false,
            "confidential_instance_config": [],
            "cpu_platform": "Intel Broadwell",
            "creation_timestamp": "2025-03-11T10:51:59.298-07:00",
            "current_status": "RUNNING",
            "deletion_protection": false,
            "description": "",
            "desired_status": null,
            "effective_labels": {
              "goog-terraform-provisioned": "true"
            },
            "enable_display": false,
            "guest_accelerator": [],
            "hostname": "",
            "id": "projects/light-ratio-453107-r4/zones/asia-south1-a/instances/redis-swarm-manager",
            "instance_id": "569339965926655696",
            "key_revocation_action_type": "",
            "label_fingerprint": "vezUS-42LLM=",
            "labels": null,
            "machine_type": "e2-medium",
            "metadata": {
              "ssh-keys": "piush:ssh-rsa AAAAB3NzaC1yc2EAAAADAQABAAABgQDTucPYQjg4551KkKPUvtDSHu26blYdXh/cItm00DabmeoAefMcfPOe3DMOCewCR8HffJg60DOvnxSKUxMP5XV4iRXKnrJwmD3BwUh8np92sSTmvD4kybAESQRnkk6pzHbOC88jq0N3uFZiQZ0jEtYiXswSn3k1565Pgf1oNINjrdoeytZaxs3PNXDQOhQ8fYgHjchTHvx0cDSu2j5PhE0bJ8uCB/Hzd325hQEEinwReppKxHVzTDfbA1/bo4TZb3Umev9Uu2Shq+lUalLr1PnmrPYmiAZu2J3KHotsqwTkJqR266knRPlU1ErhqPnMOrstZ9uzXg0aa6SYG3vZs5pUfCLqeBJiCgXNhK8Q3lpapgwMLEB10m5G1TiNUm8MjQYem9vYhs6pdJ9FmpotyNEVDtTpF/hQuGaB9yvpUT46wctBjWLUS/iOLHX4XQtVkrqDjseKpI5kIxrMKKiT0Ohl8PckGNMOQT9gqlIbNpAJthh3tPsXm+HXxH6SSf6vbkM= piush@victus\n"
            },
            "metadata_fingerprint": "bjTnORBYGDc=",
            "metadata_startup_script": null,
            "min_cpu_platform": "",
            "name": "redis-swarm-manager",
            "network_interface": [
              {
                "access_config": [
                  {
                    "nat_ip": "34.47.163.149",
                    "network_tier": "PREMIUM",
                    "public_ptr_domain_name": ""
                  }
                ],
                "alias_ip_range": [],
                "internal_ipv6_prefix_length": 0,
                "ipv6_access_config": [],
                "ipv6_access_type": "",
                "ipv6_address": "",
                "name": "nic0",
                "network": "https://www.googleapis.com/compute/v1/projects/light-ratio-453107-r4/global/networks/redis-swarm-network",
                "network_attachment": "",
                "network_ip": "10.10.0.8",
                "nic_type": "",
                "queue_count": 0,
                "stack_type": "IPV4_ONLY",
                "subnetwork": "https://www.googleapis.com/compute/v1/projects/light-ratio-453107-r4/regions/asia-south1/subnetworks/redis-swarm-subnet",
                "subnetwork_project": "light-ratio-453107-r4"
              }
            ],
            "network_performance_config": [],
            "params": [],
            "project": "light-ratio-453107-r4",
            "reservation_affinity": [],
            "resource_policies": null,
            "scheduling": [
              {
                "automatic_restart": true,
                "availability_domain": 0,
                "instance_termination_action": "",
                "local_ssd_recovery_timeout": [],
                "max_run_duration": [],
                "min_node_cpus": 0,
                "node_affinities": [],
                "on_host_maintenance": "MIGRATE",
                "on_instance_stop_action": [],
                "preemptible": false,
                "provisioning_model": "STANDARD"
              }
            ],
            "scratch_disk": [],
            "self_link": "https://www.googleapis.com/compute/v1/projects/light-ratio-453107-r4/zones/asia-south1-a/instances/redis-swarm-manager",
            "service_account": [
              {
                "email": "1019775793519-compute@developer.gserviceaccount.com",
                "scopes": [
                  "https://www.googleapis.com/auth/cloud-platform"
                ]
              }
            ],
            "shielded_instance_config": [
              {
                "enable_integrity_monitoring": true,
                "enable_secure_boot": false,
                "enable_vtpm": true
              }
            ],
            "tags": [
              "swarm-manager",
              "swarm-node"
            ],
            "tags_fingerprint": "uXNzqp37Xvc=",
            "terraform_labels": {
              "goog-terraform-provisioned": "true"
            },
            "timeouts": null,
            "zone": "asia-south1-a"
          },
          "sensitive_attributes": [
            [
              {
                "type": "get_attr",
                "value": "boot_disk"
              },
              {
                "type": "index",
                "value": {
                  "value": 0,
                  "type": "number"
                }
              },
              {
                "type": "get_attr",
                "value": "disk_encryption_key_raw"
              }
            ]
          ],
          "private": "eyJlMmJmYjczMC1lY2FhLTExZTYtOGY4OC0zNDM2M2JjN2M0YzAiOnsiY3JlYXRlIjoxMjAwMDAwMDAwMDAwLCJkZWxldGUiOjEyMDAwMDAwMDAwMDAsInVwZGF0ZSI6MTIwMDAwMDAwMDAwMH0sInNjaGVtYV92ZXJzaW9uIjoiNiJ9",
          "dependencies": [
            "google_compute_network.swarm_network",
            "google_compute_subnetwork.swarm_subnet"
          ]
        }
      ]
    },
    {
      "mode": "managed",
      "type": "google_compute_instance",
      "name": "swarm_worker",
      "provider": "provider[\"registry.terraform.io/hashicorp/google\"]",
      "instances": [
        {
          "schema_version": 6,
          "attributes": {
            "advanced_machine_features": [],
            "allow_stopping_for_update": null,
            "attached_disk": [],
            "boot_disk": [
              {
                "auto_delete": true,
                "device_name": "persistent-disk-0",
                "disk_encryption_key_raw": "",
                "disk_encryption_key_sha256": "",
                "initialize_params": [
                  {
                    "enable_confidential_compute": false,
                    "image": "https://www.googleapis.com/compute/v1/projects/ubuntu-os-cloud/global/images/ubuntu-2004-focal-v20250213",
                    "labels": {},
                    "provisioned_iops": 0,
                    "provisioned_throughput": 0,
                    "resource_manager_tags": null,
                    "resource_policies": [],
                    "size": 50,
                    "storage_pool": "",
                    "type": "pd-standard"
                  }
                ],
                "interface": "",
                "kms_key_self_link": "",
                "mode": "READ_WRITE",
                "source": "https://www.googleapis.com/compute/v1/projects/light-ratio-453107-r4/zones/asia-south1-b/disks/redis-swarm-worker"
              }
            ],
            "can_ip_forward": false,
            "confidential_instance_config": [],
            "cpu_platform": "Intel Broadwell",
            "creation_timestamp": "2025-03-11T10:52:30.296-07:00",
            "current_status": "RUNNING",
            "deletion_protection": false,
            "description": "",
            "desired_status": null,
            "effective_labels": {
              "goog-terraform-provisioned": "true"
            },
            "enable_display": false,
            "guest_accelerator": [],
            "hostname": "",
            "id": "projects/light-ratio-453107-r4/zones/asia-south1-b/instances/redis-swarm-worker",
            "instance_id": "2563091805096494769",
            "key_revocation_action_type": "",
            "label_fingerprint": "vezUS-42LLM=",
            "labels": null,
            "machine_type": "e2-medium",
            "metadata": {
              "ssh-keys": "piush:ssh-rsa AAAAB3NzaC1yc2EAAAADAQABAAABgQDTucPYQjg4551KkKPUvtDSHu26blYdXh/cItm00DabmeoAefMcfPOe3DMOCewCR8HffJg60DOvnxSKUxMP5XV4iRXKnrJwmD3BwUh8np92sSTmvD4kybAESQRnkk6pzHbOC88jq0N3uFZiQZ0jEtYiXswSn3k1565Pgf1oNINjrdoeytZaxs3PNXDQOhQ8fYgHjchTHvx0cDSu2j5PhE0bJ8uCB/Hzd325hQEEinwReppKxHVzTDfbA1/bo4TZb3Umev9Uu2Shq+lUalLr1PnmrPYmiAZu2J3KHotsqwTkJqR266knRPlU1ErhqPnMOrstZ9uzXg0aa6SYG3vZs5pUfCLqeBJiCgXNhK8Q3lpapgwMLEB10m5G1TiNUm8MjQYem9vYhs6pdJ9FmpotyNEVDtTpF/hQuGaB9yvpUT46wctBjWLUS/iOLHX4XQtVkrqDjseKpI5kIxrMKKiT0Ohl8PckGNMOQT9gqlIbNpAJthh3tPsXm+HXxH6SSf6vbkM= piush@victus\n"
            },
            "metadata_fingerprint": "bjTnORBYGDc=",
            "metadata_startup_script": null,
            "min_cpu_platform": "",
            "name": "redis-swarm-worker",
            "network_interface": [
              {
                "access_config": [
                  {
                    "nat_ip": "34.47.233.147",
                    "network_tier": "PREMIUM",
                    "public_ptr_domain_name": ""
                  }
                ],
                "alias_ip_range": [],
                "internal_ipv6_prefix_length": 0,
                "ipv6_access_config": [],
                "ipv6_access_type": "",
                "ipv6_address": "",
                "name": "nic0",
                "network": "https://www.googleapis.com/compute/v1/projects/light-ratio-453107-r4/global/networks/redis-swarm-network",
                "network_attachment": "",
                "network_ip": "10.10.0.9",
                "nic_type": "",
                "queue_count": 0,
                "stack_type": "IPV4_ONLY",
                "subnetwork": "https://www.googleapis.com/compute/v1/projects/light-ratio-453107-r4/regions/asia-south1/subnetworks/redis-swarm-subnet",
                "subnetwork_project": "light-ratio-453107-r4"
              }
            ],
            "network_performance_config": [],
            "params": [],
            "project": "light-ratio-453107-r4",
            "reservation_affinity": [],
            "resource_policies": null,
            "scheduling": [
              {
                "automatic_restart": true,
                "availability_domain": 0,
                "instance_termination_action": "",
                "local_ssd_recovery_timeout": [],
                "max_run_duration": [],
                "min_node_cpus": 0,
                "node_affinities": [],
                "on_host_maintenance": "MIGRATE",
                "on_instance_stop_action": [],
                "preemptible": false,
                "provisioning_model": "STANDARD"
              }
            ],
            "scratch_disk": [],
            "self_link": "https://www.googleapis.com/compute/v1/projects/light-ratio-453107-r4/zones/asia-south1-b/instances/redis-swarm-worker",
            "service_account": [
              {
                "email": "1019775793519-compute@developer.gserviceaccount.com",
                "scopes": [
                  "https://www.googleapis.com/auth/cloud-platform"
                ]
              }
            ],
            "shielded_instance_config": [
              {
                "enable_integrity_monitoring": true,
                "enable_secure_boot": false,
                "enable_vtpm": true
              }
            ],
            "tags": [
              "swarm-node",
              "swarm-worker"
            ],
            "tags_fingerprint": "-nd6n3Xiahg=",
            "terraform_labels": {
              "goog-terraform-provisioned": "true"
            },
            "timeouts": null,
            "zone": "asia-south1-b"
          },
          "sensitive_attributes": [
            [
              {
                "type": "get_attr",
                "value": "boot_disk"
              },
              {
                "type": "index",
                "value": {
                  "value": 0,
                  "type": "number"
                }
              },
              {
                "type": "get_attr",
                "value": "disk_encryption_key_raw"
              }
            ]
          ],
          "private": "eyJlMmJmYjczMC1lY2FhLTExZTYtOGY4OC0zNDM2M2JjN2M0YzAiOnsiY3JlYXRlIjoxMjAwMDAwMDAwMDAwLCJkZWxldGUiOjEyMDAwMDAwMDAwMDAsInVwZGF0ZSI6MTIwMDAwMDAwMDAwMH0sInNjaGVtYV92ZXJzaW9uIjoiNiJ9",
          "dependencies": [
            "google_compute_instance.swarm_manager",
            "google_compute_network.swarm_network",
            "google_compute_subnetwork.swarm_subnet"
          ]
        }
      ]
    },
    {
      "mode": "managed",
      "type": "google_compute_network",
      "name": "swarm_network",
      "provider": "provider[\"registry.terraform.io/hashicorp/google\"]",
      "instances": [
        {
          "schema_version": 0,
          "attributes": {
            "auto_create_subnetworks": false,
            "bgp_always_compare_med": false,
            "bgp_best_path_selection_mode": "LEGACY",
            "bgp_inter_region_cost": "",
            "delete_default_routes_on_create": false,
            "description": "VPC Network for Docker Swarm Cluster",
            "enable_ula_internal_ipv6": false,
            "gateway_ipv4": "",
            "id": "projects/light-ratio-453107-r4/global/networks/redis-swarm-network",
            "internal_ipv6_range": "",
            "mtu": 0,
            "name": "redis-swarm-network",
            "network_firewall_policy_enforcement_order": "AFTER_CLASSIC_FIREWALL",
            "network_id": "7121636824530669990",
            "network_profile": "",
            "numeric_id": "7121636824530669990",
            "project": "light-ratio-453107-r4",
            "routing_mode": "REGIONAL",
            "self_link": "https://www.googleapis.com/compute/v1/projects/light-ratio-453107-r4/global/networks/redis-swarm-network",
            "timeouts": null
          },
          "sensitive_attributes": [],
          "private": "eyJlMmJmYjczMC1lY2FhLTExZTYtOGY4OC0zNDM2M2JjN2M0YzAiOnsiY3JlYXRlIjoxMjAwMDAwMDAwMDAwLCJkZWxldGUiOjEyMDAwMDAwMDAwMDAsInVwZGF0ZSI6MTIwMDAwMDAwMDAwMH19"
        }
      ]
    },
    {
      "mode": "managed",
      "type": "google_compute_subnetwork",
      "name": "swarm_subnet",
      "provider": "provider[\"registry.terraform.io/hashicorp/google\"]",
      "instances": [
        {
          "schema_version": 0,
          "attributes": {
            "creation_timestamp": "2025-03-11T10:14:10.111-07:00",
            "description": "",
            "external_ipv6_prefix": "",
            "fingerprint": null,
            "gateway_address": "10.10.0.1",
            "id": "projects/light-ratio-453107-r4/regions/asia-south1/subnetworks/redis-swarm-subnet",
            "internal_ipv6_prefix": "",
            "ip_cidr_range": "10.10.0.0/24",
            "ipv6_access_type": "",
            "ipv6_cidr_range": "",
            "log_config": [],
            "name": "redis-swarm-subnet",
            "network": "https://www.googleapis.com/compute/v1/projects/light-ratio-453107-r4/global/networks/redis-swarm-network",
            "private_ip_google_access": false,
            "private_ipv6_google_access": "DISABLE_GOOGLE_ACCESS",
            "project": "light-ratio-453107-r4",
            "purpose": "PRIVATE",
            "region": "asia-south1",
            "reserved_internal_range": "",
            "role": "",
            "secondary_ip_range": [],
            "self_link": "https://www.googleapis.com/compute/v1/projects/light-ratio-453107-r4/regions/asia-south1/subnetworks/redis-swarm-subnet",
            "send_secondary_ip_range_if_empty": null,
            "stack_type": "IPV4_ONLY",
            "subnetwork_id": 90329242725634445,
            "timeouts": null
          },
          "sensitive_attributes": [],
          "private": "eyJlMmJmYjczMC1lY2FhLTExZTYtOGY4OC0zNDM2M2JjN2M0YzAiOnsiY3JlYXRlIjoxMjAwMDAwMDAwMDAwLCJkZWxldGUiOjEyMDAwMDAwMDAwMDAsInVwZGF0ZSI6MTIwMDAwMDAwMDAwMH19",
          "dependencies": [
            "google_compute_network.swarm_network"
          ]
        }
      ]
    },
    {
      "mode": "managed",
      "type": "local_file",
      "name": "deploy_script",
      "provider": "provider[\"registry.terraform.io/hashicorp/local\"]",
      "instances": [
        {
          "schema_version": 0,
          "attributes": {
            "content": "    #!/bin/bash\n    # Deployment script for Ansible provisioning\n\n    # Variables\n    MANAGER_IP=$(gcloud compute instances describe redis-swarm-manager --zone=asia-south1-a --format='get(networkInterfaces[0].accessConfigs[0].natIP)')\n    WORKER_IP=$(gcloud compute instances describe redis-swarm-worker --zone=asia-south1-b --format='get(networkInterfaces[0].accessConfigs[0].natIP)')\n    SSH_USER=piush\n    ANSIBLE_DIR=../ansible\n    \n    echo \"Waiting for instances to be accessible...\"\n    sleep 30\n    \n    # Create ansible inventory file\n    cat \u003e $ANSIBLE_DIR/hosts \u003c\u003cEOL\n[managers]\nmanager ansible_host=$MANAGER_IP ansible_user=$SSH_USER\n\n[workers]\nworker ansible_host=$WORKER_IP ansible_user=$SSH_USER\n\n[swarm:children]\nmanagers\nworkers\nEOL\n\n    # Set the correct permissions on the SSH key\n    chmod 600 ./keys/id_rsa\n    \n    # # Run ansible playbook\n    # cd $ANSIBLE_DIR\n    # ANSIBLE_HOST_KEY_CHECKING=False ansible-playbook -i hosts --private-key ./id_rsa swarm-setup.yml\n    \n    echo \"Deployment complete!\"\n    echo \"Manager IP: $MANAGER_IP\"\n    echo \"Worker IP: $WORKER_IP\"\n    echo \"App should be available at http://$MANAGER_IP:5001\"\n",
            "content_base64": null,
            "content_base64sha256": "K9NvlkeSaogQgZkrH+iqVTo+cvFPUe41jPUmxOH2Pdo=",
            "content_base64sha512": "LbK9MAkyApriFi/2Us79LoqP1ZSPQBTPUWhKx+ziWCmCRXKEaWoxmskF3TlG+iAQs7F5CQrDFZvUgizEehc+Jw==",
            "content_md5": "d9f2e998031eea2e5e734bbf2e5a8913",
            "content_sha1": "3fac1468b0883b07ff9c211a704415d3440b84e8",
            "content_sha256": "2bd36f9647926a881081992b1fe8aa553a3e72f14f51ee358cf526c4e1f63dda",
            "content_sha512": "2db2bd300932029ae2162ff652cefd2e8a8fd5948f4014cf51684ac7ece2582982457284696a319ac905dd3946fa2010b3b179090ac3159bd4822cc47a173e27",
            "directory_permission": "0777",
            "file_permission": "0755",
            "filename": "./scripts/deploy.sh",
            "id": "3fac1468b0883b07ff9c211a704415d3440b84e8",
            "sensitive_content": null,
            "source": null
          },
          "sensitive_attributes": [
            [
              {
                "type": "get_attr",
                "value": "sensitive_content"
              }
            ]
          ],
          "dependencies": [
            "google_compute_instance.swarm_manager",
            "google_compute_instance.swarm_worker",
            "google_compute_network.swarm_network",
            "google_compute_subnetwork.swarm_subnet"
          ]
        }
      ]
    }
  ],
  "check_results": null
}
